# This file is @generated by PDM.
# It is not intended for manual editing.

[metadata]
groups = ["default", "dev"]
strategy = ["cross_platform"]
lock_version = "4.4.1"
content_hash = "sha256:abc"

[[package]]
name = "flask"
version = "2.3.3"
requires_python = ">=3.8"
summary = "A simple framework for building complex web applications."
dependencies = [
    "werkzeug>=2.3.7",
]

[[package]]
name = "werkzeug"
version = "3.0.1"
requires_python = ">=3.8"
summary = "The comprehensive WSGI web application library."
