# This file is automatically @generated by Poetry 1.7.1 and should not be changed by hand.

[[package]]
name = "flask"
version = "2.3.3"
description = "A simple framework for building complex web applications."
optional = false
python-versions = ">=3.8"
files = [
    {file = "flask-2.3.3-py3-none-any.whl", hash = "sha256:abc"},
]

[package.dependencies]
Werkzeug = ">=2.3.7"

[[package]]
name = "werkzeug"
version = "3.0.1"
description = "The comprehensive WSGI web application library."
optional = false
python-versions = ">=3.8"

[[package]]
name = "pytest"
version = "7.4.4"
description = "pytest: simple powerful testing with Python"
optional = false
python-versions = ">=3.7"

[metadata]
lock-version = "2.0"
python-versions = "^3.10"
content-hash = "abc123"
