# Generated by pub
# See https://dart.dev/tools/pub/glossary#lockfile
packages:
  http:
    dependency: "direct main"
    description:
      name: http
      sha256: "abc"
      url: "https://pub.dev"
    source: hosted
    version: "1.1.2"
  meta:
    dependency: transitive
    description:
      name: meta
      sha256: "def"
      url: "https://pub.dev"
    source: hosted
    version: "1.11.0"
  test:
    dependency: "direct dev"
    description:
      name: test
      sha256: "ghi"
      url: "https://pub.dev"
    source: hosted
    version: "1.24.9"
sdks:
  dart: ">=3.2.0 <4.0.0"
