# This file was autogenerated by Stack.
# You should not edit this file by hand.
# For more information, please see the documentation at:
#   https://docs.haskellstack.org/en/stable/lock_files

packages:
- completed:
    hackage: aeson-2.1.2.1@sha256:abc,6180
    pantry-tree:
      sha256: def
      size: 1234
  original:
    hackage: aeson-2.1.2.1
- completed:
    hackage: http-client-0.7.16@sha256:ghi,5678
    pantry-tree:
      sha256: jkl
      size: 5678
  original:
    hackage: http-client-0.7.16
snapshots:
- completed:
    sha256: mno
    size: 640000
    url: https://raw.githubusercontent.com/commercialhaskell/stackage-snapshots/master/lts/22/6.yaml
  original: lts-22.6
